// !$*UTF8*$!
{
	archiveVersion = 1;
	classes = {
	};
	objectVersion = 56;
	objects = {

/* Begin PBXBuildFile section */
		891C2C5D2C30815500A1F99E /* FirebaseAnalytics in Frameworks */ = {isa = PBXBuildFile; productRef = 891C2C5C2C30815500A1F99E /* FirebaseAnalytics */; };
		891C2C5F2C30815500A1F99E /* FirebaseAnalyticsOnDeviceConversion in Frameworks */ = {isa = PBXBuildFile; productRef = 891C2C5E2C30815500A1F99E /* FirebaseAnalyticsOnDeviceConversion */; };
		891C2C612C30815500A1F99E /* FirebaseAnalyticsSwift in Frameworks */ = {isa = PBXBuildFile; productRef = 891C2C602C30815500A1F99E /* FirebaseAnalyticsSwift */; };
		891C2C632C30815500A1F99E /* FirebaseAnalyticsWithoutAdIdSupport in Frameworks */ = {isa = PBXBuildFile; productRef = 891C2C622C30815500A1F99E /* FirebaseAnalyticsWithoutAdIdSupport */; };
		891C2C652C30815500A1F99E /* FirebaseAppCheck in Frameworks */ = {isa = PBXBuildFile; productRef = 891C2C642C30815500A1F99E /* FirebaseAppCheck */; };
		891C2C672C30815500A1F99E /* FirebaseAppDistribution-Beta in Frameworks */ = {isa = PBXBuildFile; productRef = 891C2C662C30815500A1F99E /* FirebaseAppDistribution-Beta */; };
		891C2C692C30815500A1F99E /* FirebaseAuth in Frameworks */ = {isa = PBXBuildFile; productRef = 891C2C682C30815500A1F99E /* FirebaseAuth */; };
		891C2C6B2C30815500A1F99E /* FirebaseAuthCombine-Community in Frameworks */ = {isa = PBXBuildFile; productRef = 891C2C6A2C30815500A1F99E /* FirebaseAuthCombine-Community */; };
		891C2C6D2C30815500A1F99E /* FirebaseCrashlytics in Frameworks */ = {isa = PBXBuildFile; productRef = 891C2C6C2C30815500A1F99E /* FirebaseCrashlytics */; };
		891C2C6F2C30815500A1F99E /* FirebaseDatabase in Frameworks */ = {isa = PBXBuildFile; productRef = 891C2C6E2C30815500A1F99E /* FirebaseDatabase */; };
		891C2C712C30815500A1F99E /* FirebaseDatabaseSwift in Frameworks */ = {isa = PBXBuildFile; productRef = 891C2C702C30815500A1F99E /* FirebaseDatabaseSwift */; };
		891C2C732C30815500A1F99E /* FirebaseDynamicLinks in Frameworks */ = {isa = PBXBuildFile; productRef = 891C2C722C30815500A1F99E /* FirebaseDynamicLinks */; };
		891C2C752C30815500A1F99E /* FirebaseFirestore in Frameworks */ = {isa = PBXBuildFile; productRef = 891C2C742C30815500A1F99E /* FirebaseFirestore */; };
		891C2C772C30815500A1F99E /* FirebaseFirestoreCombine-Community in Frameworks */ = {isa = PBXBuildFile; productRef = 891C2C762C30815500A1F99E /* FirebaseFirestoreCombine-Community */; };
		891C2C792C30815500A1F99E /* FirebaseFirestoreSwift in Frameworks */ = {isa = PBXBuildFile; productRef = 891C2C782C30815500A1F99E /* FirebaseFirestoreSwift */; };
		891C2C7B2C30815500A1F99E /* FirebaseFunctions in Frameworks */ = {isa = PBXBuildFile; productRef = 891C2C7A2C30815500A1F99E /* FirebaseFunctions */; };
		891C2C7D2C30815500A1F99E /* FirebaseFunctionsCombine-Community in Frameworks */ = {isa = PBXBuildFile; productRef = 891C2C7C2C30815500A1F99E /* FirebaseFunctionsCombine-Community */; };
		891C2C7F2C30815500A1F99E /* FirebaseInAppMessaging-Beta in Frameworks */ = {isa = PBXBuildFile; productRef = 891C2C7E2C30815500A1F99E /* FirebaseInAppMessaging-Beta */; };
		891C2C812C30815500A1F99E /* FirebaseInAppMessagingSwift-Beta in Frameworks */ = {isa = PBXBuildFile; productRef = 891C2C802C30815500A1F99E /* FirebaseInAppMessagingSwift-Beta */; };
		891C2C832C30815500A1F99E /* FirebaseInstallations in Frameworks */ = {isa = PBXBuildFile; productRef = 891C2C822C30815500A1F99E /* FirebaseInstallations */; };
		891C2C852C30815500A1F99E /* FirebaseMLModelDownloader in Frameworks */ = {isa = PBXBuildFile; productRef = 891C2C842C30815500A1F99E /* FirebaseMLModelDownloader */; };
		891C2C872C30815500A1F99E /* FirebaseMessaging in Frameworks */ = {isa = PBXBuildFile; productRef = 891C2C862C30815500A1F99E /* FirebaseMessaging */; };
		891C2C892C30815500A1F99E /* FirebasePerformance in Frameworks */ = {isa = PBXBuildFile; productRef = 891C2C882C30815500A1F99E /* FirebasePerformance */; };
		891C2C8B2C30815500A1F99E /* FirebaseRemoteConfig in Frameworks */ = {isa = PBXBuildFile; productRef = 891C2C8A2C30815500A1F99E /* FirebaseRemoteConfig */; };
		891C2C8D2C30815500A1F99E /* FirebaseRemoteConfigSwift in Frameworks */ = {isa = PBXBuildFile; productRef = 891C2C8C2C30815500A1F99E /* FirebaseRemoteConfigSwift */; };
		891C2C8F2C30815500A1F99E /* FirebaseStorage in Frameworks */ = {isa = PBXBuildFile; productRef = 891C2C8E2C30815500A1F99E /* FirebaseStorage */; };
		891C2C912C30815500A1F99E /* FirebaseStorageCombine-Community in Frameworks */ = {isa = PBXBuildFile; productRef = 891C2C902C30815500A1F99E /* FirebaseStorageCombine-Community */; };
		891C2C932C30815500A1F99E /* FirebaseVertexAI-Preview in Frameworks */ = {isa = PBXBuildFile; productRef = 891C2C922C30815500A1F99E /* FirebaseVertexAI-Preview */; };
		891C2C952C3089C000A1F99E /* FirebaseAuth.swift in Sources */ = {isa = PBXBuildFile; fileRef = 891C2C942C3089C000A1F99E /* FirebaseAuth.swift */; };
		891C2C972C30C34D00A1F99E /* GoogleService-Info.plist in Resources */ = {isa = PBXBuildFile; fileRef = 891C2C962C30C34D00A1F99E /* GoogleService-Info.plist */; };
		8923C8FD2B6F7F950076CC7C /* ExpenseRequest.swift in Sources */ = {isa = PBXBuildFile; fileRef = 8923C8FC2B6F7F950076CC7C /* ExpenseRequest.swift */; };
		89DEE4412B537CC600976F2C /* URLRouting in Frameworks */ = {isa = PBXBuildFile; productRef = 89DEE4402B537CC600976F2C /* URLRouting */; };
		89ECF7AF2B6D89CC00BC4EFD /* RequestProtocol.swift in Sources */ = {isa = PBXBuildFile; fileRef = 89ECF7AE2B6D89CC00BC4EFD /* RequestProtocol.swift */; };
		89ECF7B12B6D8A5C00BC4EFD /* APIManager.swift in Sources */ = {isa = PBXBuildFile; fileRef = 89ECF7B02B6D8A5C00BC4EFD /* APIManager.swift */; };
		89ECF7B32B6D8B3600BC4EFD /* RequestManager.swift in Sources */ = {isa = PBXBuildFile; fileRef = 89ECF7B22B6D8B3600BC4EFD /* RequestManager.swift */; };
		89ECF7BC2B6D921600BC4EFD /* DataParser.swift in Sources */ = {isa = PBXBuildFile; fileRef = 89ECF7BB2B6D921600BC4EFD /* DataParser.swift */; };
		89F482DB2B3F4D5800C6CB1A /* RegisterView.swift in Sources */ = {isa = PBXBuildFile; fileRef = 89F482DA2B3F4D5800C6CB1A /* RegisterView.swift */; };
		F21265DB2C5F07430039DBE9 /* ExpenseChartTests.swift in Sources */ = {isa = PBXBuildFile; fileRef = F21265DA2C5F07430039DBE9 /* ExpenseChartTests.swift */; };
		F219739B2962AB5D00EB8C62 /* ExpenseChartView.swift in Sources */ = {isa = PBXBuildFile; fileRef = F219739A2962AB5D00EB8C62 /* ExpenseChartView.swift */; };
		F2203399296E854700027B5F /* ExpenseHistoryView.swift in Sources */ = {isa = PBXBuildFile; fileRef = F2203398296E854700027B5F /* ExpenseHistoryView.swift */; };
		F26C1E742CB3463D00C08E16 /* FullWidthButtonStyle.swift in Sources */ = {isa = PBXBuildFile; fileRef = F26C1E732CB3463800C08E16 /* FullWidthButtonStyle.swift */; };
		F26C1E762CB3467900C08E16 /* CredentialField.swift in Sources */ = {isa = PBXBuildFile; fileRef = F26C1E752CB3467600C08E16 /* CredentialField.swift */; };
		F26C1E782CB3469600C08E16 /* AuthErrorView.swift in Sources */ = {isa = PBXBuildFile; fileRef = F26C1E772CB3469300C08E16 /* AuthErrorView.swift */; };
		F26C1E7A2CB347F100C08E16 /* LargeHeader.swift in Sources */ = {isa = PBXBuildFile; fileRef = F26C1E792CB347ED00C08E16 /* LargeHeader.swift */; };
		F26C1E7C2CB347F800C08E16 /* SubHeader.swift in Sources */ = {isa = PBXBuildFile; fileRef = F26C1E7B2CB347F600C08E16 /* SubHeader.swift */; };
		F26C1E822CBAF9DE00C08E16 /* LoginReducerTests.swift in Sources */ = {isa = PBXBuildFile; fileRef = F26C1E812CBAF9DE00C08E16 /* LoginReducerTests.swift */; };
		F26C1E842CBB00B000C08E16 /* Shake.swift in Sources */ = {isa = PBXBuildFile; fileRef = F26C1E832CBB00AE00C08E16 /* Shake.swift */; };
		F26C1E862CBB020200C08E16 /* RegisterReducerTests.swift in Sources */ = {isa = PBXBuildFile; fileRef = F26C1E852CBB020200C08E16 /* RegisterReducerTests.swift */; };
		F27CE0E22C445DA0007B4C1E /* CheapSkateTests.swift in Sources */ = {isa = PBXBuildFile; fileRef = F27CE0E12C445DA0007B4C1E /* CheapSkateTests.swift */; };
		F27CE0EB2C445DE1007B4C1E /* ExpenseHistoryTests.swift in Sources */ = {isa = PBXBuildFile; fileRef = F27CE0EA2C445DE1007B4C1E /* ExpenseHistoryTests.swift */; };
		F284F7AE2C856AB3002DD619 /* Array+Extensions.swift in Sources */ = {isa = PBXBuildFile; fileRef = F284F7AD2C856AA8002DD619 /* Array+Extensions.swift */; };
		F284F7B02C856AC9002DD619 /* Date+Extensions.swift in Sources */ = {isa = PBXBuildFile; fileRef = F284F7AF2C856AC6002DD619 /* Date+Extensions.swift */; };
		F284F7B22C856ADF002DD619 /* TimeInterval+Extensions.swift in Sources */ = {isa = PBXBuildFile; fileRef = F284F7B12C856ADB002DD619 /* TimeInterval+Extensions.swift */; };
		F284F7B42C856C56002DD619 /* Double+Extensions.swift in Sources */ = {isa = PBXBuildFile; fileRef = F284F7B32C856C43002DD619 /* Double+Extensions.swift */; };
		F284F7B92C87F451002DD619 /* ExpenseSummaryView.swift in Sources */ = {isa = PBXBuildFile; fileRef = F284F7B82C87F449002DD619 /* ExpenseSummaryView.swift */; };
		F284F7BB2C87FD11002DD619 /* ExpenseSummaryTests.swift in Sources */ = {isa = PBXBuildFile; fileRef = F284F7BA2C87FD0C002DD619 /* ExpenseSummaryTests.swift */; };
		F284F83D295D5EC500EB7E7C /* CheapSkateApp.swift in Sources */ = {isa = PBXBuildFile; fileRef = F284F83C295D5EC500EB7E7C /* CheapSkateApp.swift */; };
		F284F83F295D5EC500EB7E7C /* ExpenseView.swift in Sources */ = {isa = PBXBuildFile; fileRef = F284F83E295D5EC500EB7E7C /* ExpenseView.swift */; };
		F284F841295D5EC700EB7E7C /* Assets.xcassets in Resources */ = {isa = PBXBuildFile; fileRef = F284F840295D5EC700EB7E7C /* Assets.xcassets */; };
		F284F844295D5EC700EB7E7C /* Preview Assets.xcassets in Resources */ = {isa = PBXBuildFile; fileRef = F284F843295D5EC700EB7E7C /* Preview Assets.xcassets */; };
		F284F84E295D617D00EB7E7C /* ComposableArchitecture in Frameworks */ = {isa = PBXBuildFile; productRef = F284F84D295D617D00EB7E7C /* ComposableArchitecture */; };
		F284F850295D617D00EB7E7C /* Dependencies in Frameworks */ = {isa = PBXBuildFile; productRef = F284F84F295D617D00EB7E7C /* Dependencies */; };
		F284F856295D653600EB7E7C /* APIHelpers.swift in Sources */ = {isa = PBXBuildFile; fileRef = F284F855295D653600EB7E7C /* APIHelpers.swift */; };
		F2C765002C9E75B300B87F00 /* CredentialsViewModifier.swift in Sources */ = {isa = PBXBuildFile; fileRef = F2C764FF2C9E75AC00B87F00 /* CredentialsViewModifier.swift */; };
		F2D3C13F2C9BB95E00114BBB /* OutlinedTextFieldStyle.swift in Sources */ = {isa = PBXBuildFile; fileRef = F2D3C13E2C9BB95500114BBB /* OutlinedTextFieldStyle.swift */; };
		F2D6A32329602B8D0078A5B2 /* CurrencyTextField.swift in Sources */ = {isa = PBXBuildFile; fileRef = F2D6A32229602B8D0078A5B2 /* CurrencyTextField.swift */; };
		F2D6A32529602BA40078A5B2 /* CurrencyUITextField.swift in Sources */ = {isa = PBXBuildFile; fileRef = F2D6A32429602BA40078A5B2 /* CurrencyUITextField.swift */; };
		F2F01AC129EBA28D001A4709 /* AppView.swift in Sources */ = {isa = PBXBuildFile; fileRef = F2F01AC029EBA28D001A4709 /* AppView.swift */; };
		F2F8592129983BD8004F4F96 /* Token.swift in Sources */ = {isa = PBXBuildFile; fileRef = F2F8592029983BD8004F4F96 /* Token.swift */; };
		F2F8592329983C12004F4F96 /* Auth+Keychain.swift in Sources */ = {isa = PBXBuildFile; fileRef = F2F8592229983C12004F4F96 /* Auth+Keychain.swift */; };
		F2F8592529983ED2004F4F96 /* LoginView.swift in Sources */ = {isa = PBXBuildFile; fileRef = F2F8592429983ED2004F4F96 /* LoginView.swift */; };
/* End PBXBuildFile section */

/* Begin PBXContainerItemProxy section */
		F27CE0E32C445DA0007B4C1E /* PBXContainerItemProxy */ = {
			isa = PBXContainerItemProxy;
			containerPortal = F284F831295D5EC500EB7E7C /* Project object */;
			proxyType = 1;
			remoteGlobalIDString = F284F838295D5EC500EB7E7C;
			remoteInfo = CheapSkate;
		};
/* End PBXContainerItemProxy section */

/* Begin PBXFileReference section */
		891C2C942C3089C000A1F99E /* FirebaseAuth.swift */ = {isa = PBXFileReference; lastKnownFileType = sourcecode.swift; path = FirebaseAuth.swift; sourceTree = "<group>"; };
		891C2C962C30C34D00A1F99E /* GoogleService-Info.plist */ = {isa = PBXFileReference; fileEncoding = 4; lastKnownFileType = text.plist.xml; path = "GoogleService-Info.plist"; sourceTree = "<group>"; };
		8923C8FC2B6F7F950076CC7C /* ExpenseRequest.swift */ = {isa = PBXFileReference; lastKnownFileType = sourcecode.swift; path = ExpenseRequest.swift; sourceTree = "<group>"; };
		89ECF7AE2B6D89CC00BC4EFD /* RequestProtocol.swift */ = {isa = PBXFileReference; lastKnownFileType = sourcecode.swift; path = RequestProtocol.swift; sourceTree = "<group>"; };
		89ECF7B02B6D8A5C00BC4EFD /* APIManager.swift */ = {isa = PBXFileReference; lastKnownFileType = sourcecode.swift; path = APIManager.swift; sourceTree = "<group>"; };
		89ECF7B22B6D8B3600BC4EFD /* RequestManager.swift */ = {isa = PBXFileReference; lastKnownFileType = sourcecode.swift; path = RequestManager.swift; sourceTree = "<group>"; };
		89ECF7BB2B6D921600BC4EFD /* DataParser.swift */ = {isa = PBXFileReference; lastKnownFileType = sourcecode.swift; path = DataParser.swift; sourceTree = "<group>"; };
		89F482DA2B3F4D5800C6CB1A /* RegisterView.swift */ = {isa = PBXFileReference; lastKnownFileType = sourcecode.swift; path = RegisterView.swift; sourceTree = "<group>"; };
		F21265DA2C5F07430039DBE9 /* ExpenseChartTests.swift */ = {isa = PBXFileReference; lastKnownFileType = sourcecode.swift; path = ExpenseChartTests.swift; sourceTree = "<group>"; };
		F219739A2962AB5D00EB8C62 /* ExpenseChartView.swift */ = {isa = PBXFileReference; lastKnownFileType = sourcecode.swift; path = ExpenseChartView.swift; sourceTree = "<group>"; };
		F2203398296E854700027B5F /* ExpenseHistoryView.swift */ = {isa = PBXFileReference; lastKnownFileType = sourcecode.swift; path = ExpenseHistoryView.swift; sourceTree = "<group>"; };
		F26C1E732CB3463800C08E16 /* FullWidthButtonStyle.swift */ = {isa = PBXFileReference; lastKnownFileType = sourcecode.swift; path = FullWidthButtonStyle.swift; sourceTree = "<group>"; };
		F26C1E752CB3467600C08E16 /* CredentialField.swift */ = {isa = PBXFileReference; lastKnownFileType = sourcecode.swift; path = CredentialField.swift; sourceTree = "<group>"; };
		F26C1E772CB3469300C08E16 /* AuthErrorView.swift */ = {isa = PBXFileReference; lastKnownFileType = sourcecode.swift; path = AuthErrorView.swift; sourceTree = "<group>"; };
		F26C1E792CB347ED00C08E16 /* LargeHeader.swift */ = {isa = PBXFileReference; lastKnownFileType = sourcecode.swift; path = LargeHeader.swift; sourceTree = "<group>"; };
		F26C1E7B2CB347F600C08E16 /* SubHeader.swift */ = {isa = PBXFileReference; lastKnownFileType = sourcecode.swift; path = SubHeader.swift; sourceTree = "<group>"; };
		F26C1E812CBAF9DE00C08E16 /* LoginReducerTests.swift */ = {isa = PBXFileReference; lastKnownFileType = sourcecode.swift; path = LoginReducerTests.swift; sourceTree = "<group>"; };
		F26C1E832CBB00AE00C08E16 /* Shake.swift */ = {isa = PBXFileReference; lastKnownFileType = sourcecode.swift; path = Shake.swift; sourceTree = "<group>"; };
		F26C1E852CBB020200C08E16 /* RegisterReducerTests.swift */ = {isa = PBXFileReference; lastKnownFileType = sourcecode.swift; path = RegisterReducerTests.swift; sourceTree = "<group>"; };
		F27CE0DF2C445DA0007B4C1E /* CheapSkateTests.xctest */ = {isa = PBXFileReference; explicitFileType = wrapper.cfbundle; includeInIndex = 0; path = CheapSkateTests.xctest; sourceTree = BUILT_PRODUCTS_DIR; };
		F27CE0E12C445DA0007B4C1E /* CheapSkateTests.swift */ = {isa = PBXFileReference; lastKnownFileType = sourcecode.swift; path = CheapSkateTests.swift; sourceTree = "<group>"; };
		F27CE0EA2C445DE1007B4C1E /* ExpenseHistoryTests.swift */ = {isa = PBXFileReference; lastKnownFileType = sourcecode.swift; path = ExpenseHistoryTests.swift; sourceTree = "<group>"; };
		F284F7AD2C856AA8002DD619 /* Array+Extensions.swift */ = {isa = PBXFileReference; lastKnownFileType = sourcecode.swift; path = "Array+Extensions.swift"; sourceTree = "<group>"; };
		F284F7AF2C856AC6002DD619 /* Date+Extensions.swift */ = {isa = PBXFileReference; lastKnownFileType = sourcecode.swift; path = "Date+Extensions.swift"; sourceTree = "<group>"; };
		F284F7B12C856ADB002DD619 /* TimeInterval+Extensions.swift */ = {isa = PBXFileReference; lastKnownFileType = sourcecode.swift; path = "TimeInterval+Extensions.swift"; sourceTree = "<group>"; };
		F284F7B32C856C43002DD619 /* Double+Extensions.swift */ = {isa = PBXFileReference; lastKnownFileType = sourcecode.swift; path = "Double+Extensions.swift"; sourceTree = "<group>"; };
		F284F7B82C87F449002DD619 /* ExpenseSummaryView.swift */ = {isa = PBXFileReference; lastKnownFileType = sourcecode.swift; path = ExpenseSummaryView.swift; sourceTree = "<group>"; };
		F284F7BA2C87FD0C002DD619 /* ExpenseSummaryTests.swift */ = {isa = PBXFileReference; lastKnownFileType = sourcecode.swift; path = ExpenseSummaryTests.swift; sourceTree = "<group>"; };
		F284F839295D5EC500EB7E7C /* CheapSkate.app */ = {isa = PBXFileReference; explicitFileType = wrapper.application; includeInIndex = 0; path = CheapSkate.app; sourceTree = BUILT_PRODUCTS_DIR; };
		F284F83C295D5EC500EB7E7C /* CheapSkateApp.swift */ = {isa = PBXFileReference; lastKnownFileType = sourcecode.swift; path = CheapSkateApp.swift; sourceTree = "<group>"; };
		F284F83E295D5EC500EB7E7C /* ExpenseView.swift */ = {isa = PBXFileReference; lastKnownFileType = sourcecode.swift; path = ExpenseView.swift; sourceTree = "<group>"; };
		F284F840295D5EC700EB7E7C /* Assets.xcassets */ = {isa = PBXFileReference; lastKnownFileType = folder.assetcatalog; path = Assets.xcassets; sourceTree = "<group>"; };
		F284F843295D5EC700EB7E7C /* Preview Assets.xcassets */ = {isa = PBXFileReference; lastKnownFileType = folder.assetcatalog; path = "Preview Assets.xcassets"; sourceTree = "<group>"; };
		F284F855295D653600EB7E7C /* APIHelpers.swift */ = {isa = PBXFileReference; lastKnownFileType = sourcecode.swift; path = APIHelpers.swift; sourceTree = "<group>"; };
		F2C764FF2C9E75AC00B87F00 /* CredentialsViewModifier.swift */ = {isa = PBXFileReference; lastKnownFileType = sourcecode.swift; path = CredentialsViewModifier.swift; sourceTree = "<group>"; };
		F2D3C13E2C9BB95500114BBB /* OutlinedTextFieldStyle.swift */ = {isa = PBXFileReference; lastKnownFileType = sourcecode.swift; path = OutlinedTextFieldStyle.swift; sourceTree = "<group>"; };
		F2D6A32229602B8D0078A5B2 /* CurrencyTextField.swift */ = {isa = PBXFileReference; lastKnownFileType = sourcecode.swift; path = CurrencyTextField.swift; sourceTree = "<group>"; };
		F2D6A32429602BA40078A5B2 /* CurrencyUITextField.swift */ = {isa = PBXFileReference; lastKnownFileType = sourcecode.swift; path = CurrencyUITextField.swift; sourceTree = "<group>"; };
		F2F01AC029EBA28D001A4709 /* AppView.swift */ = {isa = PBXFileReference; lastKnownFileType = sourcecode.swift; path = AppView.swift; sourceTree = "<group>"; };
		F2F8592029983BD8004F4F96 /* Token.swift */ = {isa = PBXFileReference; lastKnownFileType = sourcecode.swift; path = Token.swift; sourceTree = "<group>"; };
		F2F8592229983C12004F4F96 /* Auth+Keychain.swift */ = {isa = PBXFileReference; lastKnownFileType = sourcecode.swift; path = "Auth+Keychain.swift"; sourceTree = "<group>"; };
		F2F8592429983ED2004F4F96 /* LoginView.swift */ = {isa = PBXFileReference; lastKnownFileType = sourcecode.swift; path = LoginView.swift; sourceTree = "<group>"; };
/* End PBXFileReference section */

/* Begin PBXFrameworksBuildPhase section */
		F27CE0DC2C445DA0007B4C1E /* Frameworks */ = {
			isa = PBXFrameworksBuildPhase;
			buildActionMask = 2147483647;
			files = (
			);
			runOnlyForDeploymentPostprocessing = 0;
		};
		F284F836295D5EC500EB7E7C /* Frameworks */ = {
			isa = PBXFrameworksBuildPhase;
			buildActionMask = 2147483647;
			files = (
				891C2C812C30815500A1F99E /* FirebaseInAppMessagingSwift-Beta in Frameworks */,
				891C2C712C30815500A1F99E /* FirebaseDatabaseSwift in Frameworks */,
				891C2C6F2C30815500A1F99E /* FirebaseDatabase in Frameworks */,
				891C2C852C30815500A1F99E /* FirebaseMLModelDownloader in Frameworks */,
				891C2C652C30815500A1F99E /* FirebaseAppCheck in Frameworks */,
				891C2C7D2C30815500A1F99E /* FirebaseFunctionsCombine-Community in Frameworks */,
				891C2C832C30815500A1F99E /* FirebaseInstallations in Frameworks */,
				891C2C872C30815500A1F99E /* FirebaseMessaging in Frameworks */,
				891C2C692C30815500A1F99E /* FirebaseAuth in Frameworks */,
				891C2C8B2C30815500A1F99E /* FirebaseRemoteConfig in Frameworks */,
				891C2C612C30815500A1F99E /* FirebaseAnalyticsSwift in Frameworks */,
				891C2C8F2C30815500A1F99E /* FirebaseStorage in Frameworks */,
				891C2C892C30815500A1F99E /* FirebasePerformance in Frameworks */,
				891C2C752C30815500A1F99E /* FirebaseFirestore in Frameworks */,
				891C2C932C30815500A1F99E /* FirebaseVertexAI-Preview in Frameworks */,
				F284F84E295D617D00EB7E7C /* ComposableArchitecture in Frameworks */,
				891C2C7F2C30815500A1F99E /* FirebaseInAppMessaging-Beta in Frameworks */,
				89DEE4412B537CC600976F2C /* URLRouting in Frameworks */,
				891C2C5F2C30815500A1F99E /* FirebaseAnalyticsOnDeviceConversion in Frameworks */,
				891C2C8D2C30815500A1F99E /* FirebaseRemoteConfigSwift in Frameworks */,
				891C2C6B2C30815500A1F99E /* FirebaseAuthCombine-Community in Frameworks */,
				891C2C7B2C30815500A1F99E /* FirebaseFunctions in Frameworks */,
				891C2C632C30815500A1F99E /* FirebaseAnalyticsWithoutAdIdSupport in Frameworks */,
				891C2C912C30815500A1F99E /* FirebaseStorageCombine-Community in Frameworks */,
				891C2C772C30815500A1F99E /* FirebaseFirestoreCombine-Community in Frameworks */,
				891C2C5D2C30815500A1F99E /* FirebaseAnalytics in Frameworks */,
				891C2C6D2C30815500A1F99E /* FirebaseCrashlytics in Frameworks */,
				F284F850295D617D00EB7E7C /* Dependencies in Frameworks */,
				891C2C672C30815500A1F99E /* FirebaseAppDistribution-Beta in Frameworks */,
				891C2C732C30815500A1F99E /* FirebaseDynamicLinks in Frameworks */,
				891C2C792C30815500A1F99E /* FirebaseFirestoreSwift in Frameworks */,
			);
			runOnlyForDeploymentPostprocessing = 0;
		};
/* End PBXFrameworksBuildPhase section */

/* Begin PBXGroup section */
		899843162B4A641E00C2FDCC /* ApiClient */ = {
			isa = PBXGroup;
			children = (
				89ECF7AE2B6D89CC00BC4EFD /* RequestProtocol.swift */,
				89ECF7B02B6D8A5C00BC4EFD /* APIManager.swift */,
				89ECF7B22B6D8B3600BC4EFD /* RequestManager.swift */,
				89ECF7BB2B6D921600BC4EFD /* DataParser.swift */,
			);
			path = ApiClient;
			sourceTree = "<group>";
		};
		89ECF7B42B6D8BC400BC4EFD /* Auth */ = {
			isa = PBXGroup;
			children = (
				891C2C942C3089C000A1F99E /* FirebaseAuth.swift */,
			);
			path = Auth;
			sourceTree = "<group>";
		};
		F219739E296ABAB200EB8C62 /* Domain */ = {
			isa = PBXGroup;
			children = (
				89ECF7B42B6D8BC400BC4EFD /* Auth */,
				899843162B4A641E00C2FDCC /* ApiClient */,
				F21973A1296ABB0900EB8C62 /* Expense */,
				F284F855295D653600EB7E7C /* APIHelpers.swift */,
			);
			path = Domain;
			sourceTree = "<group>";
		};
		F219739F296ABABB00EB8C62 /* Feature */ = {
			isa = PBXGroup;
			children = (
				F2F8591D29983B92004F4F96 /* Auth */,
				F21973A2296ABB1900EB8C62 /* Expense */,
			);
			path = Feature;
			sourceTree = "<group>";
		};
		F21973A0296ABACE00EB8C62 /* Application */ = {
			isa = PBXGroup;
			children = (
				F284F83C295D5EC500EB7E7C /* CheapSkateApp.swift */,
				F2F01AC029EBA28D001A4709 /* AppView.swift */,
			);
			path = Application;
			sourceTree = "<group>";
		};
		F21973A1296ABB0900EB8C62 /* Expense */ = {
			isa = PBXGroup;
			children = (
				8923C8FC2B6F7F950076CC7C /* ExpenseRequest.swift */,
			);
			path = Expense;
			sourceTree = "<group>";
		};
		F21973A2296ABB1900EB8C62 /* Expense */ = {
			isa = PBXGroup;
			children = (
				F284F7B82C87F449002DD619 /* ExpenseSummaryView.swift */,
				F284F7B52C856D17002DD619 /* Extensions */,
				F284F83E295D5EC500EB7E7C /* ExpenseView.swift */,
				F219739A2962AB5D00EB8C62 /* ExpenseChartView.swift */,
				F2D6A32229602B8D0078A5B2 /* CurrencyTextField.swift */,
				F2D6A32429602BA40078A5B2 /* CurrencyUITextField.swift */,
				F2203398296E854700027B5F /* ExpenseHistoryView.swift */,
				F2F8592029983BD8004F4F96 /* Token.swift */,
			);
			path = Expense;
			sourceTree = "<group>";
		};
		F26C1E802CBAF9C700C08E16 /* Auth */ = {
			isa = PBXGroup;
			children = (
				F26C1E812CBAF9DE00C08E16 /* LoginReducerTests.swift */,
				F26C1E852CBB020200C08E16 /* RegisterReducerTests.swift */,
			);
			path = Auth;
			sourceTree = "<group>";
		};
		F27CE0E02C445DA0007B4C1E /* CheapSkateTests */ = {
			isa = PBXGroup;
			children = (
				F27CE0E82C445DAB007B4C1E /* Feature */,
				F27CE0E12C445DA0007B4C1E /* CheapSkateTests.swift */,
			);
			path = CheapSkateTests;
			sourceTree = "<group>";
		};
		F27CE0E82C445DAB007B4C1E /* Feature */ = {
			isa = PBXGroup;
			children = (
				F26C1E802CBAF9C700C08E16 /* Auth */,
				F27CE0E92C445DBC007B4C1E /* Expense */,
			);
			path = Feature;
			sourceTree = "<group>";
		};
		F27CE0E92C445DBC007B4C1E /* Expense */ = {
			isa = PBXGroup;
			children = (
				F284F7BA2C87FD0C002DD619 /* ExpenseSummaryTests.swift */,
				F27CE0EA2C445DE1007B4C1E /* ExpenseHistoryTests.swift */,
				F21265DA2C5F07430039DBE9 /* ExpenseChartTests.swift */,
			);
			path = Expense;
			sourceTree = "<group>";
		};
		F284F7B52C856D17002DD619 /* Extensions */ = {
			isa = PBXGroup;
			children = (
				F284F7B32C856C43002DD619 /* Double+Extensions.swift */,
				F284F7B12C856ADB002DD619 /* TimeInterval+Extensions.swift */,
				F284F7AF2C856AC6002DD619 /* Date+Extensions.swift */,
				F284F7AD2C856AA8002DD619 /* Array+Extensions.swift */,
			);
			path = Extensions;
			sourceTree = "<group>";
		};
		F284F830295D5EC500EB7E7C = {
			isa = PBXGroup;
			children = (
				F284F83B295D5EC500EB7E7C /* CheapSkate */,
				F27CE0E02C445DA0007B4C1E /* CheapSkateTests */,
				F284F83A295D5EC500EB7E7C /* Products */,
			);
			sourceTree = "<group>";
		};
		F284F83A295D5EC500EB7E7C /* Products */ = {
			isa = PBXGroup;
			children = (
				F284F839295D5EC500EB7E7C /* CheapSkate.app */,
				F27CE0DF2C445DA0007B4C1E /* CheapSkateTests.xctest */,
			);
			name = Products;
			sourceTree = "<group>";
		};
		F284F83B295D5EC500EB7E7C /* CheapSkate */ = {
			isa = PBXGroup;
			children = (
				F2D3C13D2C9BB94B00114BBB /* Design */,
				891C2C962C30C34D00A1F99E /* GoogleService-Info.plist */,
				F21973A0296ABACE00EB8C62 /* Application */,
				F219739F296ABABB00EB8C62 /* Feature */,
				F219739E296ABAB200EB8C62 /* Domain */,
				F284F840295D5EC700EB7E7C /* Assets.xcassets */,
				F284F842295D5EC700EB7E7C /* Preview Content */,
			);
			path = CheapSkate;
			sourceTree = "<group>";
		};
		F284F842295D5EC700EB7E7C /* Preview Content */ = {
			isa = PBXGroup;
			children = (
				F284F843295D5EC700EB7E7C /* Preview Assets.xcassets */,
			);
			path = "Preview Content";
			sourceTree = "<group>";
		};
		F2D3C13D2C9BB94B00114BBB /* Design */ = {
			isa = PBXGroup;
			children = (
				F26C1E832CBB00AE00C08E16 /* Shake.swift */,
				F26C1E7B2CB347F600C08E16 /* SubHeader.swift */,
				F26C1E792CB347ED00C08E16 /* LargeHeader.swift */,
				F26C1E732CB3463800C08E16 /* FullWidthButtonStyle.swift */,
				F2D3C13E2C9BB95500114BBB /* OutlinedTextFieldStyle.swift */,
			);
			path = Design;
			sourceTree = "<group>";
		};
		F2F8591D29983B92004F4F96 /* Auth */ = {
			isa = PBXGroup;
			children = (
				F26C1E772CB3469300C08E16 /* AuthErrorView.swift */,
				F26C1E752CB3467600C08E16 /* CredentialField.swift */,
				F2C764FF2C9E75AC00B87F00 /* CredentialsViewModifier.swift */,
				F2F8592229983C12004F4F96 /* Auth+Keychain.swift */,
				F2F8592429983ED2004F4F96 /* LoginView.swift */,
				89F482DA2B3F4D5800C6CB1A /* RegisterView.swift */,
			);
			path = Auth;
			sourceTree = "<group>";
		};
/* End PBXGroup section */

/* Begin PBXNativeTarget section */
		F27CE0DE2C445DA0007B4C1E /* CheapSkateTests */ = {
			isa = PBXNativeTarget;
			buildConfigurationList = F27CE0E52C445DA0007B4C1E /* Build configuration list for PBXNativeTarget "CheapSkateTests" */;
			buildPhases = (
				F27CE0DB2C445DA0007B4C1E /* Sources */,
				F27CE0DC2C445DA0007B4C1E /* Frameworks */,
				F27CE0DD2C445DA0007B4C1E /* Resources */,
			);
			buildRules = (
			);
			dependencies = (
				F27CE0E42C445DA0007B4C1E /* PBXTargetDependency */,
			);
			name = CheapSkateTests;
			productName = CheapSkateTests;
			productReference = F27CE0DF2C445DA0007B4C1E /* CheapSkateTests.xctest */;
			productType = "com.apple.product-type.bundle.unit-test";
		};
		F284F838295D5EC500EB7E7C /* CheapSkate */ = {
			isa = PBXNativeTarget;
			buildConfigurationList = F284F847295D5EC700EB7E7C /* Build configuration list for PBXNativeTarget "CheapSkate" */;
			buildPhases = (
				F284F835295D5EC500EB7E7C /* Sources */,
				F284F836295D5EC500EB7E7C /* Frameworks */,
				F284F837295D5EC500EB7E7C /* Resources */,
			);
			buildRules = (
			);
			dependencies = (
			);
			name = CheapSkate;
			packageProductDependencies = (
				F284F84D295D617D00EB7E7C /* ComposableArchitecture */,
				F284F84F295D617D00EB7E7C /* Dependencies */,
				89DEE4402B537CC600976F2C /* URLRouting */,
				891C2C5C2C30815500A1F99E /* FirebaseAnalytics */,
				891C2C5E2C30815500A1F99E /* FirebaseAnalyticsOnDeviceConversion */,
				891C2C602C30815500A1F99E /* FirebaseAnalyticsSwift */,
				891C2C622C30815500A1F99E /* FirebaseAnalyticsWithoutAdIdSupport */,
				891C2C642C30815500A1F99E /* FirebaseAppCheck */,
				891C2C662C30815500A1F99E /* FirebaseAppDistribution-Beta */,
				891C2C682C30815500A1F99E /* FirebaseAuth */,
				891C2C6A2C30815500A1F99E /* FirebaseAuthCombine-Community */,
				891C2C6C2C30815500A1F99E /* FirebaseCrashlytics */,
				891C2C6E2C30815500A1F99E /* FirebaseDatabase */,
				891C2C702C30815500A1F99E /* FirebaseDatabaseSwift */,
				891C2C722C30815500A1F99E /* FirebaseDynamicLinks */,
				891C2C742C30815500A1F99E /* FirebaseFirestore */,
				891C2C762C30815500A1F99E /* FirebaseFirestoreCombine-Community */,
				891C2C782C30815500A1F99E /* FirebaseFirestoreSwift */,
				891C2C7A2C30815500A1F99E /* FirebaseFunctions */,
				891C2C7C2C30815500A1F99E /* FirebaseFunctionsCombine-Community */,
				891C2C7E2C30815500A1F99E /* FirebaseInAppMessaging-Beta */,
				891C2C802C30815500A1F99E /* FirebaseInAppMessagingSwift-Beta */,
				891C2C822C30815500A1F99E /* FirebaseInstallations */,
				891C2C842C30815500A1F99E /* FirebaseMLModelDownloader */,
				891C2C862C30815500A1F99E /* FirebaseMessaging */,
				891C2C882C30815500A1F99E /* FirebasePerformance */,
				891C2C8A2C30815500A1F99E /* FirebaseRemoteConfig */,
				891C2C8C2C30815500A1F99E /* FirebaseRemoteConfigSwift */,
				891C2C8E2C30815500A1F99E /* FirebaseStorage */,
				891C2C902C30815500A1F99E /* FirebaseStorageCombine-Community */,
				891C2C922C30815500A1F99E /* FirebaseVertexAI-Preview */,
			);
			productName = CheapSkate;
			productReference = F284F839295D5EC500EB7E7C /* CheapSkate.app */;
			productType = "com.apple.product-type.application";
		};
/* End PBXNativeTarget section */

/* Begin PBXProject section */
		F284F831295D5EC500EB7E7C /* Project object */ = {
			isa = PBXProject;
			attributes = {
				BuildIndependentTargetsInParallel = 1;
				LastSwiftUpdateCheck = 1540;
				LastUpgradeCheck = 1610;
				TargetAttributes = {
					F27CE0DE2C445DA0007B4C1E = {
						CreatedOnToolsVersion = 15.4;
						TestTargetID = F284F838295D5EC500EB7E7C;
					};
					F284F838295D5EC500EB7E7C = {
						CreatedOnToolsVersion = 14.1;
					};
				};
			};
			buildConfigurationList = F284F834295D5EC500EB7E7C /* Build configuration list for PBXProject "CheapSkate" */;
			compatibilityVersion = "Xcode 14.0";
			developmentRegion = en;
			hasScannedForEncodings = 0;
			knownRegions = (
				en,
				Base,
			);
			mainGroup = F284F830295D5EC500EB7E7C;
			packageReferences = (
				F284F84C295D617D00EB7E7C /* XCRemoteSwiftPackageReference "swift-composable-architecture" */,
				89DEE43F2B537CC600976F2C /* XCRemoteSwiftPackageReference "swift-url-routing" */,
				89E1E3C92C307DBA0075A6F4 /* XCRemoteSwiftPackageReference "firebase-ios-sdk" */,
			);
			productRefGroup = F284F83A295D5EC500EB7E7C /* Products */;
			projectDirPath = "";
			projectRoot = "";
			targets = (
				F284F838295D5EC500EB7E7C /* CheapSkate */,
				F27CE0DE2C445DA0007B4C1E /* CheapSkateTests */,
			);
		};
/* End PBXProject section */

/* Begin PBXResourcesBuildPhase section */
		F27CE0DD2C445DA0007B4C1E /* Resources */ = {
			isa = PBXResourcesBuildPhase;
			buildActionMask = 2147483647;
			files = (
			);
			runOnlyForDeploymentPostprocessing = 0;
		};
		F284F837295D5EC500EB7E7C /* Resources */ = {
			isa = PBXResourcesBuildPhase;
			buildActionMask = 2147483647;
			files = (
				F284F844295D5EC700EB7E7C /* Preview Assets.xcassets in Resources */,
				F284F841295D5EC700EB7E7C /* Assets.xcassets in Resources */,
				891C2C972C30C34D00A1F99E /* GoogleService-Info.plist in Resources */,
			);
			runOnlyForDeploymentPostprocessing = 0;
		};
/* End PBXResourcesBuildPhase section */

/* Begin PBXSourcesBuildPhase section */
		F27CE0DB2C445DA0007B4C1E /* Sources */ = {
			isa = PBXSourcesBuildPhase;
			buildActionMask = 2147483647;
			files = (
				F27CE0EB2C445DE1007B4C1E /* ExpenseHistoryTests.swift in Sources */,
				F284F7BB2C87FD11002DD619 /* ExpenseSummaryTests.swift in Sources */,
				F21265DB2C5F07430039DBE9 /* ExpenseChartTests.swift in Sources */,
				F27CE0E22C445DA0007B4C1E /* CheapSkateTests.swift in Sources */,
				F26C1E822CBAF9DE00C08E16 /* LoginReducerTests.swift in Sources */,
				F26C1E862CBB020200C08E16 /* RegisterReducerTests.swift in Sources */,
			);
			runOnlyForDeploymentPostprocessing = 0;
		};
		F284F835295D5EC500EB7E7C /* Sources */ = {
			isa = PBXSourcesBuildPhase;
			buildActionMask = 2147483647;
			files = (
				8923C8FD2B6F7F950076CC7C /* ExpenseRequest.swift in Sources */,
				F26C1E782CB3469600C08E16 /* AuthErrorView.swift in Sources */,
				F26C1E762CB3467900C08E16 /* CredentialField.swift in Sources */,
				F2F8592329983C12004F4F96 /* Auth+Keychain.swift in Sources */,
				F284F7B02C856AC9002DD619 /* Date+Extensions.swift in Sources */,
				89ECF7B12B6D8A5C00BC4EFD /* APIManager.swift in Sources */,
				89F482DB2B3F4D5800C6CB1A /* RegisterView.swift in Sources */,
				F2D6A32529602BA40078A5B2 /* CurrencyUITextField.swift in Sources */,
				F284F7B22C856ADF002DD619 /* TimeInterval+Extensions.swift in Sources */,
				891C2C952C3089C000A1F99E /* FirebaseAuth.swift in Sources */,
				89ECF7B32B6D8B3600BC4EFD /* RequestManager.swift in Sources */,
				F26C1E7A2CB347F100C08E16 /* LargeHeader.swift in Sources */,
				F284F7B92C87F451002DD619 /* ExpenseSummaryView.swift in Sources */,
				89ECF7AF2B6D89CC00BC4EFD /* RequestProtocol.swift in Sources */,
				F2C765002C9E75B300B87F00 /* CredentialsViewModifier.swift in Sources */,
				F284F83F295D5EC500EB7E7C /* ExpenseView.swift in Sources */,
				F2F8592129983BD8004F4F96 /* Token.swift in Sources */,
				F284F7AE2C856AB3002DD619 /* Array+Extensions.swift in Sources */,
				89ECF7BC2B6D921600BC4EFD /* DataParser.swift in Sources */,
				F2203399296E854700027B5F /* ExpenseHistoryView.swift in Sources */,
				F2D3C13F2C9BB95E00114BBB /* OutlinedTextFieldStyle.swift in Sources */,
				F219739B2962AB5D00EB8C62 /* ExpenseChartView.swift in Sources */,
				F284F83D295D5EC500EB7E7C /* CheapSkateApp.swift in Sources */,
				F284F856295D653600EB7E7C /* APIHelpers.swift in Sources */,
				F26C1E742CB3463D00C08E16 /* FullWidthButtonStyle.swift in Sources */,
				F26C1E7C2CB347F800C08E16 /* SubHeader.swift in Sources */,
				F26C1E842CBB00B000C08E16 /* Shake.swift in Sources */,
				F2F01AC129EBA28D001A4709 /* AppView.swift in Sources */,
				F284F7B42C856C56002DD619 /* Double+Extensions.swift in Sources */,
				F2D6A32329602B8D0078A5B2 /* CurrencyTextField.swift in Sources */,
				F2F8592529983ED2004F4F96 /* LoginView.swift in Sources */,
			);
			runOnlyForDeploymentPostprocessing = 0;
		};
/* End PBXSourcesBuildPhase section */

/* Begin PBXTargetDependency section */
		F27CE0E42C445DA0007B4C1E /* PBXTargetDependency */ = {
			isa = PBXTargetDependency;
			target = F284F838295D5EC500EB7E7C /* CheapSkate */;
			targetProxy = F27CE0E32C445DA0007B4C1E /* PBXContainerItemProxy */;
		};
/* End PBXTargetDependency section */

/* Begin XCBuildConfiguration section */
		F27CE0E62C445DA0007B4C1E /* Debug */ = {
			isa = XCBuildConfiguration;
			buildSettings = {
				ASSETCATALOG_COMPILER_GENERATE_SWIFT_ASSET_SYMBOL_EXTENSIONS = YES;
				BUNDLE_LOADER = "$(TEST_HOST)";
				CODE_SIGN_STYLE = Automatic;
				CURRENT_PROJECT_VERSION = 1;
				DEVELOPMENT_TEAM = KY8M8BQ9MX;
				ENABLE_USER_SCRIPT_SANDBOXING = YES;
				GCC_C_LANGUAGE_STANDARD = gnu17;
				GENERATE_INFOPLIST_FILE = YES;
				IPHONEOS_DEPLOYMENT_TARGET = 17.5;
				LOCALIZATION_PREFERS_STRING_CATALOGS = YES;
				MARKETING_VERSION = 1.0;
				PRODUCT_BUNDLE_IDENTIFIER = com.bdabrowski.CheapSkateTests;
				PRODUCT_NAME = "$(TARGET_NAME)";
				SWIFT_ACTIVE_COMPILATION_CONDITIONS = "DEBUG $(inherited)";
				SWIFT_EMIT_LOC_STRINGS = NO;
				SWIFT_VERSION = 5.0;
				TARGETED_DEVICE_FAMILY = "1,2";
				TEST_HOST = "$(BUILT_PRODUCTS_DIR)/CheapSkate.app/$(BUNDLE_EXECUTABLE_FOLDER_PATH)/CheapSkate";
			};
			name = Debug;
		};
		F27CE0E72C445DA0007B4C1E /* Release */ = {
			isa = XCBuildConfiguration;
			buildSettings = {
				ASSETCATALOG_COMPILER_GENERATE_SWIFT_ASSET_SYMBOL_EXTENSIONS = YES;
				BUNDLE_LOADER = "$(TEST_HOST)";
				CODE_SIGN_STYLE = Automatic;
				CURRENT_PROJECT_VERSION = 1;
				DEVELOPMENT_TEAM = KY8M8BQ9MX;
				ENABLE_USER_SCRIPT_SANDBOXING = YES;
				GCC_C_LANGUAGE_STANDARD = gnu17;
				GENERATE_INFOPLIST_FILE = YES;
				IPHONEOS_DEPLOYMENT_TARGET = 17.5;
				LOCALIZATION_PREFERS_STRING_CATALOGS = YES;
				MARKETING_VERSION = 1.0;
				PRODUCT_BUNDLE_IDENTIFIER = com.bdabrowski.CheapSkateTests;
				PRODUCT_NAME = "$(TARGET_NAME)";
				SWIFT_EMIT_LOC_STRINGS = NO;
				SWIFT_VERSION = 5.0;
				TARGETED_DEVICE_FAMILY = "1,2";
				TEST_HOST = "$(BUILT_PRODUCTS_DIR)/CheapSkate.app/$(BUNDLE_EXECUTABLE_FOLDER_PATH)/CheapSkate";
			};
			name = Release;
		};
		F284F845295D5EC700EB7E7C /* Debug */ = {
			isa = XCBuildConfiguration;
			buildSettings = {
				ALWAYS_SEARCH_USER_PATHS = NO;
				ASSETCATALOG_COMPILER_GENERATE_SWIFT_ASSET_SYMBOL_EXTENSIONS = YES;
				CLANG_ANALYZER_NONNULL = YES;
				CLANG_ANALYZER_NUMBER_OBJECT_CONVERSION = YES_AGGRESSIVE;
				CLANG_CXX_LANGUAGE_STANDARD = "gnu++20";
				CLANG_ENABLE_MODULES = YES;
				CLANG_ENABLE_OBJC_ARC = YES;
				CLANG_ENABLE_OBJC_WEAK = YES;
				CLANG_WARN_BLOCK_CAPTURE_AUTORELEASING = YES;
				CLANG_WARN_BOOL_CONVERSION = YES;
				CLANG_WARN_COMMA = YES;
				CLANG_WARN_CONSTANT_CONVERSION = YES;
				CLANG_WARN_DEPRECATED_OBJC_IMPLEMENTATIONS = YES;
				CLANG_WARN_DIRECT_OBJC_ISA_USAGE = YES_ERROR;
				CLANG_WARN_DOCUMENTATION_COMMENTS = YES;
				CLANG_WARN_EMPTY_BODY = YES;
				CLANG_WARN_ENUM_CONVERSION = YES;
				CLANG_WARN_INFINITE_RECURSION = YES;
				CLANG_WARN_INT_CONVERSION = YES;
				CLANG_WARN_NON_LITERAL_NULL_CONVERSION = YES;
				CLANG_WARN_OBJC_IMPLICIT_RETAIN_SELF = YES;
				CLANG_WARN_OBJC_LITERAL_CONVERSION = YES;
				CLANG_WARN_OBJC_ROOT_CLASS = YES_ERROR;
				CLANG_WARN_QUOTED_INCLUDE_IN_FRAMEWORK_HEADER = YES;
				CLANG_WARN_RANGE_LOOP_ANALYSIS = YES;
				CLANG_WARN_STRICT_PROTOTYPES = YES;
				CLANG_WARN_SUSPICIOUS_MOVE = YES;
				CLANG_WARN_UNGUARDED_AVAILABILITY = YES_AGGRESSIVE;
				CLANG_WARN_UNREACHABLE_CODE = YES;
				CLANG_WARN__DUPLICATE_METHOD_MATCH = YES;
				COPY_PHASE_STRIP = NO;
				DEBUG_INFORMATION_FORMAT = dwarf;
				ENABLE_STRICT_OBJC_MSGSEND = YES;
				ENABLE_TESTABILITY = YES;
				GCC_C_LANGUAGE_STANDARD = gnu11;
				GCC_DYNAMIC_NO_PIC = NO;
				GCC_NO_COMMON_BLOCKS = YES;
				GCC_OPTIMIZATION_LEVEL = 0;
				GCC_PREPROCESSOR_DEFINITIONS = (
					"DEBUG=1",
					"$(inherited)",
				);
				GCC_WARN_64_TO_32_BIT_CONVERSION = YES;
				GCC_WARN_ABOUT_RETURN_TYPE = YES_ERROR;
				GCC_WARN_UNDECLARED_SELECTOR = YES;
				GCC_WARN_UNINITIALIZED_AUTOS = YES_AGGRESSIVE;
				GCC_WARN_UNUSED_FUNCTION = YES;
				GCC_WARN_UNUSED_VARIABLE = YES;
				IPHONEOS_DEPLOYMENT_TARGET = 17.0;
				MTL_ENABLE_DEBUG_INFO = INCLUDE_SOURCE;
				MTL_FAST_MATH = YES;
				ONLY_ACTIVE_ARCH = YES;
				SDKROOT = iphoneos;
				SWIFT_ACTIVE_COMPILATION_CONDITIONS = DEBUG;
				SWIFT_OPTIMIZATION_LEVEL = "-Onone";
				SWIFT_VERSION = 6.0;
			};
			name = Debug;
		};
		F284F846295D5EC700EB7E7C /* Release */ = {
			isa = XCBuildConfiguration;
			buildSettings = {
				ALWAYS_SEARCH_USER_PATHS = NO;
				ASSETCATALOG_COMPILER_GENERATE_SWIFT_ASSET_SYMBOL_EXTENSIONS = YES;
				CLANG_ANALYZER_NONNULL = YES;
				CLANG_ANALYZER_NUMBER_OBJECT_CONVERSION = YES_AGGRESSIVE;
				CLANG_CXX_LANGUAGE_STANDARD = "gnu++20";
				CLANG_ENABLE_MODULES = YES;
				CLANG_ENABLE_OBJC_ARC = YES;
				CLANG_ENABLE_OBJC_WEAK = YES;
				CLANG_WARN_BLOCK_CAPTURE_AUTORELEASING = YES;
				CLANG_WARN_BOOL_CONVERSION = YES;
				CLANG_WARN_COMMA = YES;
				CLANG_WARN_CONSTANT_CONVERSION = YES;
				CLANG_WARN_DEPRECATED_OBJC_IMPLEMENTATIONS = YES;
				CLANG_WARN_DIRECT_OBJC_ISA_USAGE = YES_ERROR;
				CLANG_WARN_DOCUMENTATION_COMMENTS = YES;
				CLANG_WARN_EMPTY_BODY = YES;
				CLANG_WARN_ENUM_CONVERSION = YES;
				CLANG_WARN_INFINITE_RECURSION = YES;
				CLANG_WARN_INT_CONVERSION = YES;
				CLANG_WARN_NON_LITERAL_NULL_CONVERSION = YES;
				CLANG_WARN_OBJC_IMPLICIT_RETAIN_SELF = YES;
				CLANG_WARN_OBJC_LITERAL_CONVERSION = YES;
				CLANG_WARN_OBJC_ROOT_CLASS = YES_ERROR;
				CLANG_WARN_QUOTED_INCLUDE_IN_FRAMEWORK_HEADER = YES;
				CLANG_WARN_RANGE_LOOP_ANALYSIS = YES;
				CLANG_WARN_STRICT_PROTOTYPES = YES;
				CLANG_WARN_SUSPICIOUS_MOVE = YES;
				CLANG_WARN_UNGUARDED_AVAILABILITY = YES_AGGRESSIVE;
				CLANG_WARN_UNREACHABLE_CODE = YES;
				CLANG_WARN__DUPLICATE_METHOD_MATCH = YES;
				COPY_PHASE_STRIP = NO;
				DEBUG_INFORMATION_FORMAT = "dwarf-with-dsym";
				ENABLE_NS_ASSERTIONS = NO;
				ENABLE_STRICT_OBJC_MSGSEND = YES;
				GCC_C_LANGUAGE_STANDARD = gnu11;
				GCC_NO_COMMON_BLOCKS = YES;
				GCC_WARN_64_TO_32_BIT_CONVERSION = YES;
				GCC_WARN_ABOUT_RETURN_TYPE = YES_ERROR;
				GCC_WARN_UNDECLARED_SELECTOR = YES;
				GCC_WARN_UNINITIALIZED_AUTOS = YES_AGGRESSIVE;
				GCC_WARN_UNUSED_FUNCTION = YES;
				GCC_WARN_UNUSED_VARIABLE = YES;
				IPHONEOS_DEPLOYMENT_TARGET = 17.0;
				MTL_ENABLE_DEBUG_INFO = NO;
				MTL_FAST_MATH = YES;
				SDKROOT = iphoneos;
				SWIFT_COMPILATION_MODE = wholemodule;
				SWIFT_OPTIMIZATION_LEVEL = "-O";
				SWIFT_VERSION = 6.0;
				VALIDATE_PRODUCT = YES;
			};
			name = Release;
		};
		F284F848295D5EC700EB7E7C /* Debug */ = {
			isa = XCBuildConfiguration;
			buildSettings = {
				ASSETCATALOG_COMPILER_APPICON_NAME = AppIcon;
				ASSETCATALOG_COMPILER_GLOBAL_ACCENT_COLOR_NAME = AccentColor;
				CODE_SIGN_STYLE = Automatic;
				CURRENT_PROJECT_VERSION = 1;
				DEVELOPMENT_ASSET_PATHS = "\"CheapSkate/Preview Content\"";
				DEVELOPMENT_TEAM = KY8M8BQ9MX;
				ENABLE_PREVIEWS = YES;
				GENERATE_INFOPLIST_FILE = YES;
				INFOPLIST_KEY_UIApplicationSceneManifest_Generation = YES;
				INFOPLIST_KEY_UIApplicationSupportsIndirectInputEvents = YES;
				INFOPLIST_KEY_UILaunchScreen_Generation = YES;
				INFOPLIST_KEY_UISupportedInterfaceOrientations_iPad = "UIInterfaceOrientationPortrait UIInterfaceOrientationPortraitUpsideDown UIInterfaceOrientationLandscapeLeft UIInterfaceOrientationLandscapeRight";
				INFOPLIST_KEY_UISupportedInterfaceOrientations_iPhone = "UIInterfaceOrientationPortrait UIInterfaceOrientationLandscapeLeft UIInterfaceOrientationLandscapeRight";
				INFOPLIST_KEY_UIUserInterfaceStyle = Light;
				LD_RUNPATH_SEARCH_PATHS = (
					"$(inherited)",
					"@executable_path/Frameworks",
				);
				MARKETING_VERSION = 1.0;
				OTHER_SWIFT_FLAGS = "-enable-upcoming-feature InferSendableFromCaptures";
				PRODUCT_BUNDLE_IDENTIFIER = com.bpdabrowski.CheapSkate;
				PRODUCT_NAME = "$(TARGET_NAME)";
				SWIFT_EMIT_LOC_STRINGS = YES;
				SWIFT_STRICT_CONCURRENCY = complete;
				SWIFT_VERSION = 5.0;
				TARGETED_DEVICE_FAMILY = "1,2";
			};
			name = Debug;
		};
		F284F849295D5EC700EB7E7C /* Release */ = {
			isa = XCBuildConfiguration;
			buildSettings = {
				ASSETCATALOG_COMPILER_APPICON_NAME = AppIcon;
				ASSETCATALOG_COMPILER_GLOBAL_ACCENT_COLOR_NAME = AccentColor;
				CODE_SIGN_STYLE = Automatic;
				CURRENT_PROJECT_VERSION = 1;
				DEVELOPMENT_ASSET_PATHS = "\"CheapSkate/Preview Content\"";
				DEVELOPMENT_TEAM = KY8M8BQ9MX;
				ENABLE_PREVIEWS = YES;
				GENERATE_INFOPLIST_FILE = YES;
				INFOPLIST_KEY_UIApplicationSceneManifest_Generation = YES;
				INFOPLIST_KEY_UIApplicationSupportsIndirectInputEvents = YES;
				INFOPLIST_KEY_UILaunchScreen_Generation = YES;
				INFOPLIST_KEY_UISupportedInterfaceOrientations_iPad = "UIInterfaceOrientationPortrait UIInterfaceOrientationPortraitUpsideDown UIInterfaceOrientationLandscapeLeft UIInterfaceOrientationLandscapeRight";
				INFOPLIST_KEY_UISupportedInterfaceOrientations_iPhone = "UIInterfaceOrientationPortrait UIInterfaceOrientationLandscapeLeft UIInterfaceOrientationLandscapeRight";
				INFOPLIST_KEY_UIUserInterfaceStyle = Light;
				LD_RUNPATH_SEARCH_PATHS = (
					"$(inherited)",
					"@executable_path/Frameworks",
				);
				MARKETING_VERSION = 1.0;
				OTHER_SWIFT_FLAGS = "-enable-upcoming-feature InferSendableFromCaptures";
				PRODUCT_BUNDLE_IDENTIFIER = com.bpdabrowski.CheapSkate;
				PRODUCT_NAME = "$(TARGET_NAME)";
				SWIFT_EMIT_LOC_STRINGS = YES;
				SWIFT_STRICT_CONCURRENCY = complete;
				SWIFT_VERSION = 5.0;
				TARGETED_DEVICE_FAMILY = "1,2";
			};
			name = Release;
		};
/* End XCBuildConfiguration section */

/* Begin XCConfigurationList section */
		F27CE0E52C445DA0007B4C1E /* Build configuration list for PBXNativeTarget "CheapSkateTests" */ = {
			isa = XCConfigurationList;
			buildConfigurations = (
				F27CE0E62C445DA0007B4C1E /* Debug */,
				F27CE0E72C445DA0007B4C1E /* Release */,
			);
			defaultConfigurationIsVisible = 0;
			defaultConfigurationName = Release;
		};
		F284F834295D5EC500EB7E7C /* Build configuration list for PBXProject "CheapSkate" */ = {
			isa = XCConfigurationList;
			buildConfigurations = (
				F284F845295D5EC700EB7E7C /* Debug */,
				F284F846295D5EC700EB7E7C /* Release */,
			);
			defaultConfigurationIsVisible = 0;
			defaultConfigurationName = Release;
		};
		F284F847295D5EC700EB7E7C /* Build configuration list for PBXNativeTarget "CheapSkate" */ = {
			isa = XCConfigurationList;
			buildConfigurations = (
				F284F848295D5EC700EB7E7C /* Debug */,
				F284F849295D5EC700EB7E7C /* Release */,
			);
			defaultConfigurationIsVisible = 0;
			defaultConfigurationName = Release;
		};
/* End XCConfigurationList section */

/* Begin XCRemoteSwiftPackageReference section */
		89DEE43F2B537CC600976F2C /* XCRemoteSwiftPackageReference "swift-url-routing" */ = {
			isa = XCRemoteSwiftPackageReference;
			repositoryURL = "https://github.com/pointfreeco/swift-url-routing.git";
			requirement = {
				kind = upToNextMajorVersion;
				minimumVersion = 0.6.0;
			};
		};
		89E1E3C92C307DBA0075A6F4 /* XCRemoteSwiftPackageReference "firebase-ios-sdk" */ = {
			isa = XCRemoteSwiftPackageReference;
			repositoryURL = "https://github.com/firebase/firebase-ios-sdk";
			requirement = {
				kind = upToNextMajorVersion;
				minimumVersion = 10.28.1;
			};
		};
		F284F84C295D617D00EB7E7C /* XCRemoteSwiftPackageReference "swift-composable-architecture" */ = {
			isa = XCRemoteSwiftPackageReference;
			repositoryURL = "https://github.com/pointfreeco/swift-composable-architecture";
			requirement = {
				kind = exactVersion;
				version = 1.13.0;
			};
		};
/* End XCRemoteSwiftPackageReference section */

/* Begin XCSwiftPackageProductDependency section */
		891C2C5C2C30815500A1F99E /* FirebaseAnalytics */ = {
			isa = XCSwiftPackageProductDependency;
			package = 89E1E3C92C307DBA0075A6F4 /* XCRemoteSwiftPackageReference "firebase-ios-sdk" */;
			productName = FirebaseAnalytics;
		};
		891C2C5E2C30815500A1F99E /* FirebaseAnalyticsOnDeviceConversion */ = {
			isa = XCSwiftPackageProductDependency;
			package = 89E1E3C92C307DBA0075A6F4 /* XCRemoteSwiftPackageReference "firebase-ios-sdk" */;
			productName = FirebaseAnalyticsOnDeviceConversion;
		};
		891C2C602C30815500A1F99E /* FirebaseAnalyticsSwift */ = {
			isa = XCSwiftPackageProductDependency;
			package = 89E1E3C92C307DBA0075A6F4 /* XCRemoteSwiftPackageReference "firebase-ios-sdk" */;
			productName = FirebaseAnalyticsSwift;
		};
		891C2C622C30815500A1F99E /* FirebaseAnalyticsWithoutAdIdSupport */ = {
			isa = XCSwiftPackageProductDependency;
			package = 89E1E3C92C307DBA0075A6F4 /* XCRemoteSwiftPackageReference "firebase-ios-sdk" */;
			productName = FirebaseAnalyticsWithoutAdIdSupport;
		};
		891C2C642C30815500A1F99E /* FirebaseAppCheck */ = {
			isa = XCSwiftPackageProductDependency;
			package = 89E1E3C92C307DBA0075A6F4 /* XCRemoteSwiftPackageReference "firebase-ios-sdk" */;
			productName = FirebaseAppCheck;
		};
		891C2C662C30815500A1F99E /* FirebaseAppDistribution-Beta */ = {
			isa = XCSwiftPackageProductDependency;
			package = 89E1E3C92C307DBA0075A6F4 /* XCRemoteSwiftPackageReference "firebase-ios-sdk" */;
			productName = "FirebaseAppDistribution-Beta";
		};
		891C2C682C30815500A1F99E /* FirebaseAuth */ = {
			isa = XCSwiftPackageProductDependency;
			package = 89E1E3C92C307DBA0075A6F4 /* XCRemoteSwiftPackageReference "firebase-ios-sdk" */;
			productName = FirebaseAuth;
		};
		891C2C6A2C30815500A1F99E /* FirebaseAuthCombine-Community */ = {
			isa = XCSwiftPackageProductDependency;
			package = 89E1E3C92C307DBA0075A6F4 /* XCRemoteSwiftPackageReference "firebase-ios-sdk" */;
			productName = "FirebaseAuthCombine-Community";
		};
		891C2C6C2C30815500A1F99E /* FirebaseCrashlytics */ = {
			isa = XCSwiftPackageProductDependency;
			package = 89E1E3C92C307DBA0075A6F4 /* XCRemoteSwiftPackageReference "firebase-ios-sdk" */;
			productName = FirebaseCrashlytics;
		};
		891C2C6E2C30815500A1F99E /* FirebaseDatabase */ = {
			isa = XCSwiftPackageProductDependency;
			package = 89E1E3C92C307DBA0075A6F4 /* XCRemoteSwiftPackageReference "firebase-ios-sdk" */;
			productName = FirebaseDatabase;
		};
		891C2C702C30815500A1F99E /* FirebaseDatabaseSwift */ = {
			isa = XCSwiftPackageProductDependency;
			package = 89E1E3C92C307DBA0075A6F4 /* XCRemoteSwiftPackageReference "firebase-ios-sdk" */;
			productName = FirebaseDatabaseSwift;
		};
		891C2C722C30815500A1F99E /* FirebaseDynamicLinks */ = {
			isa = XCSwiftPackageProductDependency;
			package = 89E1E3C92C307DBA0075A6F4 /* XCRemoteSwiftPackageReference "firebase-ios-sdk" */;
			productName = FirebaseDynamicLinks;
		};
		891C2C742C30815500A1F99E /* FirebaseFirestore */ = {
			isa = XCSwiftPackageProductDependency;
			package = 89E1E3C92C307DBA0075A6F4 /* XCRemoteSwiftPackageReference "firebase-ios-sdk" */;
			productName = FirebaseFirestore;
		};
		891C2C762C30815500A1F99E /* FirebaseFirestoreCombine-Community */ = {
			isa = XCSwiftPackageProductDependency;
			package = 89E1E3C92C307DBA0075A6F4 /* XCRemoteSwiftPackageReference "firebase-ios-sdk" */;
			productName = "FirebaseFirestoreCombine-Community";
		};
		891C2C782C30815500A1F99E /* FirebaseFirestoreSwift */ = {
			isa = XCSwiftPackageProductDependency;
			package = 89E1E3C92C307DBA0075A6F4 /* XCRemoteSwiftPackageReference "firebase-ios-sdk" */;
			productName = FirebaseFirestoreSwift;
		};
		891C2C7A2C30815500A1F99E /* FirebaseFunctions */ = {
			isa = XCSwiftPackageProductDependency;
			package = 89E1E3C92C307DBA0075A6F4 /* XCRemoteSwiftPackageReference "firebase-ios-sdk" */;
			productName = FirebaseFunctions;
		};
		891C2C7C2C30815500A1F99E /* FirebaseFunctionsCombine-Community */ = {
			isa = XCSwiftPackageProductDependency;
			package = 89E1E3C92C307DBA0075A6F4 /* XCRemoteSwiftPackageReference "firebase-ios-sdk" */;
			productName = "FirebaseFunctionsCombine-Community";
		};
		891C2C7E2C30815500A1F99E /* FirebaseInAppMessaging-Beta */ = {
			isa = XCSwiftPackageProductDependency;
			package = 89E1E3C92C307DBA0075A6F4 /* XCRemoteSwiftPackageReference "firebase-ios-sdk" */;
			productName = "FirebaseInAppMessaging-Beta";
		};
		891C2C802C30815500A1F99E /* FirebaseInAppMessagingSwift-Beta */ = {
			isa = XCSwiftPackageProductDependency;
			package = 89E1E3C92C307DBA0075A6F4 /* XCRemoteSwiftPackageReference "firebase-ios-sdk" */;
			productName = "FirebaseInAppMessagingSwift-Beta";
		};
		891C2C822C30815500A1F99E /* FirebaseInstallations */ = {
			isa = XCSwiftPackageProductDependency;
			package = 89E1E3C92C307DBA0075A6F4 /* XCRemoteSwiftPackageReference "firebase-ios-sdk" */;
			productName = FirebaseInstallations;
		};
		891C2C842C30815500A1F99E /* FirebaseMLModelDownloader */ = {
			isa = XCSwiftPackageProductDependency;
			package = 89E1E3C92C307DBA0075A6F4 /* XCRemoteSwiftPackageReference "firebase-ios-sdk" */;
			productName = FirebaseMLModelDownloader;
		};
		891C2C862C30815500A1F99E /* FirebaseMessaging */ = {
			isa = XCSwiftPackageProductDependency;
			package = 89E1E3C92C307DBA0075A6F4 /* XCRemoteSwiftPackageReference "firebase-ios-sdk" */;
			productName = FirebaseMessaging;
		};
		891C2C882C30815500A1F99E /* FirebasePerformance */ = {
			isa = XCSwiftPackageProductDependency;
			package = 89E1E3C92C307DBA0075A6F4 /* XCRemoteSwiftPackageReference "firebase-ios-sdk" */;
			productName = FirebasePerformance;
		};
		891C2C8A2C30815500A1F99E /* FirebaseRemoteConfig */ = {
			isa = XCSwiftPackageProductDependency;
			package = 89E1E3C92C307DBA0075A6F4 /* XCRemoteSwiftPackageReference "firebase-ios-sdk" */;
			productName = FirebaseRemoteConfig;
		};
		891C2C8C2C30815500A1F99E /* FirebaseRemoteConfigSwift */ = {
			isa = XCSwiftPackageProductDependency;
			package = 89E1E3C92C307DBA0075A6F4 /* XCRemoteSwiftPackageReference "firebase-ios-sdk" */;
			productName = FirebaseRemoteConfigSwift;
		};
		891C2C8E2C30815500A1F99E /* FirebaseStorage */ = {
			isa = XCSwiftPackageProductDependency;
			package = 89E1E3C92C307DBA0075A6F4 /* XCRemoteSwiftPackageReference "firebase-ios-sdk" */;
			productName = FirebaseStorage;
		};
		891C2C902C30815500A1F99E /* FirebaseStorageCombine-Community */ = {
			isa = XCSwiftPackageProductDependency;
			package = 89E1E3C92C307DBA0075A6F4 /* XCRemoteSwiftPackageReference "firebase-ios-sdk" */;
			productName = "FirebaseStorageCombine-Community";
		};
		891C2C922C30815500A1F99E /* FirebaseVertexAI-Preview */ = {
			isa = XCSwiftPackageProductDependency;
			package = 89E1E3C92C307DBA0075A6F4 /* XCRemoteSwiftPackageReference "firebase-ios-sdk" */;
			productName = "FirebaseVertexAI-Preview";
		};
		89DEE4402B537CC600976F2C /* URLRouting */ = {
			isa = XCSwiftPackageProductDependency;
			package = 89DEE43F2B537CC600976F2C /* XCRemoteSwiftPackageReference "swift-url-routing" */;
			productName = URLRouting;
		};
		F284F84D295D617D00EB7E7C /* ComposableArchitecture */ = {
			isa = XCSwiftPackageProductDependency;
			package = F284F84C295D617D00EB7E7C /* XCRemoteSwiftPackageReference "swift-composable-architecture" */;
			productName = ComposableArchitecture;
		};
		F284F84F295D617D00EB7E7C /* Dependencies */ = {
			isa = XCSwiftPackageProductDependency;
			package = F284F84C295D617D00EB7E7C /* XCRemoteSwiftPackageReference "swift-composable-architecture" */;
			productName = Dependencies;
		};
/* End XCSwiftPackageProductDependency section */
	};
	rootObject = F284F831295D5EC500EB7E7C /* Project object */;
}
